
Microsoft Visual Studio Solution File, Format Version 12.00
# Visual Studio Version 17
VisualStudioVersion = 17.11.35303.130
MinimumVisualStudioVersion = 10.0.40219.1
Project("{FAE04EC0-301F-11D3-BF4B-00C04F79EFBC}") = "RogerTech.BussnessCore", "RogerTech.BussnessCore\RogerTech.BussnessCore.csproj", "{60AC13A3-5E4B-41E5-B2C5-2642AC97BFE7}"
EndProject
Project("{FAE04EC0-301F-11D3-BF4B-00C04F79EFBC}") = "CatlMesBase", "CatlMesBase\CatlMesBase.csproj", "{FC939F82-8E4E-4E4E-B770-618712E2A3E1}"
EndProject
Project("{FAE04EC0-301F-11D3-BF4B-00C04F79EFBC}") = "miReleaseSfcWithActivity", "miReleaseSfcWithActivity\miReleaseSfcWithActivity.csproj", "{37496127-8770-4A4A-AEAD-ADAC4AB8FADB}"
EndProject
Project("{FAE04EC0-301F-11D3-BF4B-00C04F79EFBC}") = "miReleaseSfcByOrder", "miReleaseSfcByOrder\miReleaseSfcByOrder.csproj", "{45B0CAA6-D3B5-422B-BE62-868F5D022794}"
EndProject
Project("{FAE04EC0-301F-11D3-BF4B-00C04F79EFBC}") = "miCheckInventoryAttributes", "miCheckInventoryAttributes\miCheckInventoryAttributes.csproj", "{A1D944B5-C724-41A1-875A-C5698376150B}"
EndProject
Project("{FAE04EC0-301F-11D3-BF4B-00C04F79EFBC}") = "MiAssembleAndCollectDataForSfc", "MiAssembleAndCollectDataForSfc\MiAssembleAndCollectDataForSfc.csproj", "{D6DBAD26-DB30-4432-BE39-F01653A011DC}"
EndProject
Project("{FAE04EC0-301F-11D3-BF4B-00C04F79EFBC}") = "miFindCustomAndSfcData", "miFindCustomAndSfcData\miFindCustomAndSfcData.csproj", "{16BD31F8-DEE5-468C-8F1F-5D2EAC69084C}"
EndProject
Project("{FAE04EC0-301F-11D3-BF4B-00C04F79EFBC}") = "miCheckSfcStatusEx", "miCheckSfcStatusEx\miCheckSfcStatusEx.csproj", "{AB27F10C-2257-4985-80E7-22574E07ACEA}"
EndProject
Project("{FAE04EC0-301F-11D3-BF4B-00C04F79EFBC}") = "dataCollectForSfcEx", "dataCollectForSfcEx\dataCollectForSfcEx.csproj", "{7DB95261-66B1-4630-A1C2-67260A27F6D0}"
EndProject
Project("{FAE04EC0-301F-11D3-BF4B-00C04F79EFBC}") = "MPAssmebleRecipe.Logger", "MPAssmebleRecipe.Logger\MPAssmebleRecipe.Logger.csproj", "{18DF3162-33FF-4356-8FD3-88A08A86DA40}"
EndProject
Project("{FAE04EC0-301F-11D3-BF4B-00C04F79EFBC}") = "MPAssmebleRecipe.Apps", "MPAssmebleRecipe.Apps\MPAssmebleRecipe.Apps.csproj", "{339EE8AF-5B1A-4915-8149-A1A65B1BB351}"
EndProject
Project("{FAE04EC0-301F-11D3-BF4B-00C04F79EFBC}") = "RogerTech.Common", "RogerTech.Common\RogerTech.Common.csproj", "{E4362E13-5FEF-4622-9ED4-60C837B10EFF}"
EndProject
Project("{FAE04EC0-301F-11D3-BF4B-00C04F79EFBC}") = "RogerTech.Tool", "RogerTech.Tool\RogerTech.Tool.csproj", "{58ECD4C7-B30C-4ED6-8E48-F63EF3E37A2A}"
EndProject
Project("{FAE04EC0-301F-11D3-BF4B-00C04F79EFBC}") = "cellCustomDCCheck", "cellCustomDCCheck\cellCustomDCCheck.csproj", "{04B4ABDE-0176-44F9-8E0D-A3483F15F871}"
EndProject
Project("{FAE04EC0-301F-11D3-BF4B-00C04F79EFBC}") = "DataCollectForResourceInspectTask", "DataCollectForResourceInspectTask\DataCollectForResourceInspectTask.csproj", "{E9886309-FE6E-42DC-9664-8DCBDD52DD1A}"
EndProject
Project("{FAE04EC0-301F-11D3-BF4B-00C04F79EFBC}") = "MiCheckBOMInventory", "MiCheckBOMInventory\MiCheckBOMInventory.csproj", "{22232300-A6D7-4212-AE37-D83220C46D8F}"
EndProject
Project("{FAE04EC0-301F-11D3-BF4B-00C04F79EFBC}") = "MiAssembleComponentsToSfcs", "MiAssembleComponentsToSfcs\MiAssembleComponentsToSfcs.csproj", "{6D609838-8A8A-4C90-ADFE-5ADB3E0E61CE}"
EndProject
Project("{FAE04EC0-301F-11D3-BF4B-00C04F79EFBC}") = "GetParametricValue", "GetParametricValue\GetParametricValue.csproj", "{B8575A29-9122-4A61-92C7-85241A361403}"
EndProject
Project("{FAE04EC0-301F-11D3-BF4B-00C04F79EFBC}") = "MachineClose", "MachineClose\MachineClose.csproj", "{86B293AA-951B-4F50-9F61-D0847D186340}"
EndProject
Project("{FAE04EC0-301F-11D3-BF4B-00C04F79EFBC}") = "MiCheckShoporderInfo", "MiCheckShoporderInfo\MiCheckShoporderInfo.csproj", "{CA0E5B2C-4A5B-4B08-8D7A-64BB8D25CA64}"
EndProject
Project("{FAE04EC0-301F-11D3-BF4B-00C04F79EFBC}") = "MiSFCAttriDataEntry", "MiSFCAttriDataEntry\MiSFCAttriDataEntry.csproj", "{296E0C52-93EB-4251-BF1A-F158835D51C3}"
EndProject
Project("{2150E333-8FDC-42A3-9474-1A3956D46DE8}") = "CATLMESInterface", "CATLMESInterface", "{BE2FBDEA-F1D0-40A7-9FE8-64E1AD74300F}"
EndProject
Project("{FAE04EC0-301F-11D3-BF4B-00C04F79EFBC}") = "GetMHRUser", "MHRGetUser\GetMHRUser.csproj", "{84D5D581-9A9F-4055-85E0-C2022604378E}"
EndProject
Project("{FAE04EC0-301F-11D3-BF4B-00C04F79EFBC}") = "MiGetPrintContent", "MiGetPrintContent\MiGetPrintContent.csproj", "{44847CF1-166D-487E-B6D8-3483DAC66841}"
EndProject
Project("{FAE04EC0-301F-11D3-BF4B-00C04F79EFBC}") = "RogerTech.Share", "RogerTech.Share\RogerTech.Share.csproj", "{56A1AE6F-8DC9-46D2-AAF4-2B7028417BCA}"
EndProject
Project("{FAE04EC0-301F-11D3-BF4B-00C04F79EFBC}") = "RogerTech.Services", "RogerTech.Services\RogerTech.Services.csproj", "{AFF2CEB9-0BC5-4201-82F1-B246957F2E23}"
EndProject
Project("{FAE04EC0-301F-11D3-BF4B-00C04F79EFBC}") = "RogerTech.Test", "RogerTech.Test\RogerTech.Test.csproj", "{258B24FE-74BB-4D90-A205-D1901D7FBE2C}"
EndProject
Global
	GlobalSection(SolutionConfigurationPlatforms) = preSolution
		Debug|Any CPU = Debug|Any CPU
		Release|Any CPU = Release|Any CPU
	EndGlobalSection
	GlobalSection(ProjectConfigurationPlatforms) = postSolution
		{60AC13A3-5E4B-41E5-B2C5-2642AC97BFE7}.Debug|Any CPU.ActiveCfg = Debug|Any CPU
		{60AC13A3-5E4B-41E5-B2C5-2642AC97BFE7}.Debug|Any CPU.Build.0 = Debug|Any CPU
		{60AC13A3-5E4B-41E5-B2C5-2642AC97BFE7}.Release|Any CPU.ActiveCfg = Release|Any CPU
		{60AC13A3-5E4B-41E5-B2C5-2642AC97BFE7}.Release|Any CPU.Build.0 = Release|Any CPU
		{FC939F82-8E4E-4E4E-B770-618712E2A3E1}.Debug|Any CPU.ActiveCfg = Debug|Any CPU
		{FC939F82-8E4E-4E4E-B770-618712E2A3E1}.Debug|Any CPU.Build.0 = Debug|Any CPU
		{FC939F82-8E4E-4E4E-B770-618712E2A3E1}.Release|Any CPU.ActiveCfg = Release|Any CPU
		{FC939F82-8E4E-4E4E-B770-618712E2A3E1}.Release|Any CPU.Build.0 = Release|Any CPU
		{37496127-8770-4A4A-AEAD-ADAC4AB8FADB}.Debug|Any CPU.ActiveCfg = Debug|Any CPU
		{37496127-8770-4A4A-AEAD-ADAC4AB8FADB}.Debug|Any CPU.Build.0 = Debug|Any CPU
		{37496127-8770-4A4A-AEAD-ADAC4AB8FADB}.Release|Any CPU.ActiveCfg = Release|Any CPU
		{37496127-8770-4A4A-AEAD-ADAC4AB8FADB}.Release|Any CPU.Build.0 = Release|Any CPU
		{45B0CAA6-D3B5-422B-BE62-868F5D022794}.Debug|Any CPU.ActiveCfg = Debug|Any CPU
		{45B0CAA6-D3B5-422B-BE62-868F5D022794}.Debug|Any CPU.Build.0 = Debug|Any CPU
		{45B0CAA6-D3B5-422B-BE62-868F5D022794}.Release|Any CPU.ActiveCfg = Release|Any CPU
		{45B0CAA6-D3B5-422B-BE62-868F5D022794}.Release|Any CPU.Build.0 = Release|Any CPU
		{A1D944B5-C724-41A1-875A-C5698376150B}.Debug|Any CPU.ActiveCfg = Debug|Any CPU
		{A1D944B5-C724-41A1-875A-C5698376150B}.Debug|Any CPU.Build.0 = Debug|Any CPU
		{A1D944B5-C724-41A1-875A-C5698376150B}.Release|Any CPU.ActiveCfg = Release|Any CPU
		{A1D944B5-C724-41A1-875A-C5698376150B}.Release|Any CPU.Build.0 = Release|Any CPU
		{D6DBAD26-DB30-4432-BE39-F01653A011DC}.Debug|Any CPU.ActiveCfg = Debug|Any CPU
		{D6DBAD26-DB30-4432-BE39-F01653A011DC}.Debug|Any CPU.Build.0 = Debug|Any CPU
		{D6DBAD26-DB30-4432-BE39-F01653A011DC}.Release|Any CPU.ActiveCfg = Release|Any CPU
		{D6DBAD26-DB30-4432-BE39-F01653A011DC}.Release|Any CPU.Build.0 = Release|Any CPU
		{16BD31F8-DEE5-468C-8F1F-5D2EAC69084C}.Debug|Any CPU.ActiveCfg = Debug|Any CPU
		{16BD31F8-DEE5-468C-8F1F-5D2EAC69084C}.Debug|Any CPU.Build.0 = Debug|Any CPU
		{16BD31F8-DEE5-468C-8F1F-5D2EAC69084C}.Release|Any CPU.ActiveCfg = Release|Any CPU
		{16BD31F8-DEE5-468C-8F1F-5D2EAC69084C}.Release|Any CPU.Build.0 = Release|Any CPU
		{AB27F10C-2257-4985-80E7-22574E07ACEA}.Debug|Any CPU.ActiveCfg = Debug|Any CPU
		{AB27F10C-2257-4985-80E7-22574E07ACEA}.Debug|Any CPU.Build.0 = Debug|Any CPU
		{AB27F10C-2257-4985-80E7-22574E07ACEA}.Release|Any CPU.ActiveCfg = Release|Any CPU
		{AB27F10C-2257-4985-80E7-22574E07ACEA}.Release|Any CPU.Build.0 = Release|Any CPU
		{7DB95261-66B1-4630-A1C2-67260A27F6D0}.Debug|Any CPU.ActiveCfg = Debug|Any CPU
		{7DB95261-66B1-4630-A1C2-67260A27F6D0}.Debug|Any CPU.Build.0 = Debug|Any CPU
		{7DB95261-66B1-4630-A1C2-67260A27F6D0}.Release|Any CPU.ActiveCfg = Release|Any CPU
		{7DB95261-66B1-4630-A1C2-67260A27F6D0}.Release|Any CPU.Build.0 = Release|Any CPU
		{18DF3162-33FF-4356-8FD3-88A08A86DA40}.Debug|Any CPU.ActiveCfg = Debug|Any CPU
		{18DF3162-33FF-4356-8FD3-88A08A86DA40}.Debug|Any CPU.Build.0 = Debug|Any CPU
		{18DF3162-33FF-4356-8FD3-88A08A86DA40}.Release|Any CPU.ActiveCfg = Release|Any CPU
		{18DF3162-33FF-4356-8FD3-88A08A86DA40}.Release|Any CPU.Build.0 = Release|Any CPU
		{339EE8AF-5B1A-4915-8149-A1A65B1BB351}.Debug|Any CPU.ActiveCfg = Debug|Any CPU
		{339EE8AF-5B1A-4915-8149-A1A65B1BB351}.Debug|Any CPU.Build.0 = Debug|Any CPU
		{339EE8AF-5B1A-4915-8149-A1A65B1BB351}.Release|Any CPU.ActiveCfg = Release|Any CPU
		{339EE8AF-5B1A-4915-8149-A1A65B1BB351}.Release|Any CPU.Build.0 = Release|Any CPU
		{E4362E13-5FEF-4622-9ED4-60C837B10EFF}.Debug|Any CPU.ActiveCfg = Debug|Any CPU
		{E4362E13-5FEF-4622-9ED4-60C837B10EFF}.Debug|Any CPU.Build.0 = Debug|Any CPU
		{E4362E13-5FEF-4622-9ED4-60C837B10EFF}.Release|Any CPU.ActiveCfg = Release|Any CPU
		{E4362E13-5FEF-4622-9ED4-60C837B10EFF}.Release|Any CPU.Build.0 = Release|Any CPU
		{58ECD4C7-B30C-4ED6-8E48-F63EF3E37A2A}.Debug|Any CPU.ActiveCfg = Debug|Any CPU
		{58ECD4C7-B30C-4ED6-8E48-F63EF3E37A2A}.Debug|Any CPU.Build.0 = Debug|Any CPU
		{58ECD4C7-B30C-4ED6-8E48-F63EF3E37A2A}.Release|Any CPU.ActiveCfg = Release|Any CPU
		{58ECD4C7-B30C-4ED6-8E48-F63EF3E37A2A}.Release|Any CPU.Build.0 = Release|Any CPU
		{04B4ABDE-0176-44F9-8E0D-A3483F15F871}.Debug|Any CPU.ActiveCfg = Debug|Any CPU
		{04B4ABDE-0176-44F9-8E0D-A3483F15F871}.Debug|Any CPU.Build.0 = Debug|Any CPU
		{04B4ABDE-0176-44F9-8E0D-A3483F15F871}.Release|Any CPU.ActiveCfg = Release|Any CPU
		{04B4ABDE-0176-44F9-8E0D-A3483F15F871}.Release|Any CPU.Build.0 = Release|Any CPU
		{E9886309-FE6E-42DC-9664-8DCBDD52DD1A}.Debug|Any CPU.ActiveCfg = Debug|Any CPU
		{E9886309-FE6E-42DC-9664-8DCBDD52DD1A}.Debug|Any CPU.Build.0 = Debug|Any CPU
		{E9886309-FE6E-42DC-9664-8DCBDD52DD1A}.Release|Any CPU.ActiveCfg = Release|Any CPU
		{E9886309-FE6E-42DC-9664-8DCBDD52DD1A}.Release|Any CPU.Build.0 = Release|Any CPU
		{22232300-A6D7-4212-AE37-D83220C46D8F}.Debug|Any CPU.ActiveCfg = Debug|Any CPU
		{22232300-A6D7-4212-AE37-D83220C46D8F}.Debug|Any CPU.Build.0 = Debug|Any CPU
		{22232300-A6D7-4212-AE37-D83220C46D8F}.Release|Any CPU.ActiveCfg = Release|Any CPU
		{22232300-A6D7-4212-AE37-D83220C46D8F}.Release|Any CPU.Build.0 = Release|Any CPU
		{6D609838-8A8A-4C90-ADFE-5ADB3E0E61CE}.Debug|Any CPU.ActiveCfg = Debug|Any CPU
		{6D609838-8A8A-4C90-ADFE-5ADB3E0E61CE}.Debug|Any CPU.Build.0 = Debug|Any CPU
		{6D609838-8A8A-4C90-ADFE-5ADB3E0E61CE}.Release|Any CPU.ActiveCfg = Release|Any CPU
		{6D609838-8A8A-4C90-ADFE-5ADB3E0E61CE}.Release|Any CPU.Build.0 = Release|Any CPU
		{B8575A29-9122-4A61-92C7-85241A361403}.Debug|Any CPU.ActiveCfg = Debug|Any CPU
		{B8575A29-9122-4A61-92C7-85241A361403}.Debug|Any CPU.Build.0 = Debug|Any CPU
		{B8575A29-9122-4A61-92C7-85241A361403}.Release|Any CPU.ActiveCfg = Release|Any CPU
		{B8575A29-9122-4A61-92C7-85241A361403}.Release|Any CPU.Build.0 = Release|Any CPU
		{86B293AA-951B-4F50-9F61-D0847D186340}.Debug|Any CPU.ActiveCfg = Debug|Any CPU
		{86B293AA-951B-4F50-9F61-D0847D186340}.Debug|Any CPU.Build.0 = Debug|Any CPU
		{86B293AA-951B-4F50-9F61-D0847D186340}.Release|Any CPU.ActiveCfg = Release|Any CPU
		{86B293AA-951B-4F50-9F61-D0847D186340}.Release|Any CPU.Build.0 = Release|Any CPU
		{CA0E5B2C-4A5B-4B08-8D7A-64BB8D25CA64}.Debug|Any CPU.ActiveCfg = Debug|Any CPU
		{CA0E5B2C-4A5B-4B08-8D7A-64BB8D25CA64}.Debug|Any CPU.Build.0 = Debug|Any CPU
		{CA0E5B2C-4A5B-4B08-8D7A-64BB8D25CA64}.Release|Any CPU.ActiveCfg = Release|Any CPU
		{CA0E5B2C-4A5B-4B08-8D7A-64BB8D25CA64}.Release|Any CPU.Build.0 = Release|Any CPU
		{296E0C52-93EB-4251-BF1A-F158835D51C3}.Debug|Any CPU.ActiveCfg = Debug|Any CPU
		{296E0C52-93EB-4251-BF1A-F158835D51C3}.Debug|Any CPU.Build.0 = Debug|Any CPU
		{296E0C52-93EB-4251-BF1A-F158835D51C3}.Release|Any CPU.ActiveCfg = Release|Any CPU
		{296E0C52-93EB-4251-BF1A-F158835D51C3}.Release|Any CPU.Build.0 = Release|Any CPU
		{84D5D581-9A9F-4055-85E0-C2022604378E}.Debug|Any CPU.ActiveCfg = Debug|Any CPU
		{84D5D581-9A9F-4055-85E0-C2022604378E}.Debug|Any CPU.Build.0 = Debug|Any CPU
		{84D5D581-9A9F-4055-85E0-C2022604378E}.Release|Any CPU.ActiveCfg = Release|Any CPU
		{84D5D581-9A9F-4055-85E0-C2022604378E}.Release|Any CPU.Build.0 = Release|Any CPU
		{44847CF1-166D-487E-B6D8-3483DAC66841}.Debug|Any CPU.ActiveCfg = Debug|Any CPU
		{44847CF1-166D-487E-B6D8-3483DAC66841}.Debug|Any CPU.Build.0 = Debug|Any CPU
		{44847CF1-166D-487E-B6D8-3483DAC66841}.Release|Any CPU.ActiveCfg = Release|Any CPU
		{44847CF1-166D-487E-B6D8-3483DAC66841}.Release|Any CPU.Build.0 = Release|Any CPU
		{56A1AE6F-8DC9-46D2-AAF4-2B7028417BCA}.Debug|Any CPU.ActiveCfg = Debug|Any CPU
		{56A1AE6F-8DC9-46D2-AAF4-2B7028417BCA}.Debug|Any CPU.Build.0 = Debug|Any CPU
		{56A1AE6F-8DC9-46D2-AAF4-2B7028417BCA}.Release|Any CPU.ActiveCfg = Release|Any CPU
		{56A1AE6F-8DC9-46D2-AAF4-2B7028417BCA}.Release|Any CPU.Build.0 = Release|Any CPU
		{AFF2CEB9-0BC5-4201-82F1-B246957F2E23}.Debug|Any CPU.ActiveCfg = Debug|Any CPU
		{AFF2CEB9-0BC5-4201-82F1-B246957F2E23}.Debug|Any CPU.Build.0 = Debug|Any CPU
		{AFF2CEB9-0BC5-4201-82F1-B246957F2E23}.Release|Any CPU.ActiveCfg = Release|Any CPU
		{AFF2CEB9-0BC5-4201-82F1-B246957F2E23}.Release|Any CPU.Build.0 = Release|Any CPU
		{258B24FE-74BB-4D90-A205-D1901D7FBE2C}.Debug|Any CPU.ActiveCfg = Debug|Any CPU
		{258B24FE-74BB-4D90-A205-D1901D7FBE2C}.Debug|Any CPU.Build.0 = Debug|Any CPU
		{258B24FE-74BB-4D90-A205-D1901D7FBE2C}.Release|Any CPU.ActiveCfg = Release|Any CPU
		{258B24FE-74BB-4D90-A205-D1901D7FBE2C}.Release|Any CPU.Build.0 = Release|Any CPU
	EndGlobalSection
	GlobalSection(SolutionProperties) = preSolution
		HideSolutionNode = FALSE
	EndGlobalSection
	GlobalSection(NestedProjects) = preSolution
		{FC939F82-8E4E-4E4E-B770-618712E2A3E1} = {BE2FBDEA-F1D0-40A7-9FE8-64E1AD74300F}
		{37496127-8770-4A4A-AEAD-ADAC4AB8FADB} = {BE2FBDEA-F1D0-40A7-9FE8-64E1AD74300F}
		{45B0CAA6-D3B5-422B-BE62-868F5D022794} = {BE2FBDEA-F1D0-40A7-9FE8-64E1AD74300F}
		{A1D944B5-C724-41A1-875A-C5698376150B} = {BE2FBDEA-F1D0-40A7-9FE8-64E1AD74300F}
		{D6DBAD26-DB30-4432-BE39-F01653A011DC} = {BE2FBDEA-F1D0-40A7-9FE8-64E1AD74300F}
		{16BD31F8-DEE5-468C-8F1F-5D2EAC69084C} = {BE2FBDEA-F1D0-40A7-9FE8-64E1AD74300F}
		{AB27F10C-2257-4985-80E7-22574E07ACEA} = {BE2FBDEA-F1D0-40A7-9FE8-64E1AD74300F}
		{7DB95261-66B1-4630-A1C2-67260A27F6D0} = {BE2FBDEA-F1D0-40A7-9FE8-64E1AD74300F}
		{04B4ABDE-0176-44F9-8E0D-A3483F15F871} = {BE2FBDEA-F1D0-40A7-9FE8-64E1AD74300F}
		{E9886309-FE6E-42DC-9664-8DCBDD52DD1A} = {BE2FBDEA-F1D0-40A7-9FE8-64E1AD74300F}
		{22232300-A6D7-4212-AE37-D83220C46D8F} = {BE2FBDEA-F1D0-40A7-9FE8-64E1AD74300F}
		{6D609838-8A8A-4C90-ADFE-5ADB3E0E61CE} = {BE2FBDEA-F1D0-40A7-9FE8-64E1AD74300F}
		{B8575A29-9122-4A61-92C7-85241A361403} = {BE2FBDEA-F1D0-40A7-9FE8-64E1AD74300F}
		{86B293AA-951B-4F50-9F61-D0847D186340} = {BE2FBDEA-F1D0-40A7-9FE8-64E1AD74300F}
		{CA0E5B2C-4A5B-4B08-8D7A-64BB8D25CA64} = {BE2FBDEA-F1D0-40A7-9FE8-64E1AD74300F}
		{296E0C52-93EB-4251-BF1A-F158835D51C3} = {BE2FBDEA-F1D0-40A7-9FE8-64E1AD74300F}
		{84D5D581-9A9F-4055-85E0-C2022604378E} = {BE2FBDEA-F1D0-40A7-9FE8-64E1AD74300F}
		{44847CF1-166D-487E-B6D8-3483DAC66841} = {BE2FBDEA-F1D0-40A7-9FE8-64E1AD74300F}
	EndGlobalSection
	GlobalSection(ExtensibilityGlobals) = postSolution
		SolutionGuid = {D14531A9-AD38-48D0-B943-119345442280}
	EndGlobalSection
EndGlobal
